
Microsoft Visual Studio Solution File, Format Version 12.00
# Visual Studio Version 17
VisualStudioVersion = 17.12.35521.163
MinimumVisualStudioVersion = 10.0.40219.1
Project("{FAE04EC0-301F-11D3-BF4B-00C04F79EFBC}") = "Taches.Management.API", "Taches.Management.API\Taches.Management.API.csproj", "{A334C652-56F7-4FAD-B717-AA2CA129A41F}"
EndProject
Project("{FAE04EC0-301F-11D3-BF4B-00C04F79EFBC}") = "Taches.Management.DAL", "Taches.Management.DAL\Taches.Management.DAL.csproj", "{0B3185DF-28B9-489A-89F6-6BF4699BF899}"
EndProject
Project("{FAE04EC0-301F-11D3-BF4B-00C04F79EFBC}") = "Taches.Management.Services", "Taches.Management.Services\Taches.Management.Services.csproj", "{4D84FCDB-E558-4DEE-9432-4A7AF2C4EF47}"
EndProject
Project("{FAE04EC0-301F-11D3-BF4B-00C04F79EFBC}") = "Taches.Management.Front", "Taches.Management.Front\Taches.Management.Front.csproj", "{B19F8712-6076-4214-B845-DADAB7EEDE0D}"
EndProject
Project("{FAE04EC0-301F-11D3-BF4B-00C04F79EFBC}") = "luncher_App", "luncher_App\luncher_App.csproj", "{C0AD3C8F-E6E9-4B9A-BE15-D6BDCB5C4ACF}"
EndProject
Global
	GlobalSection(SolutionConfigurationPlatforms) = preSolution
		Debug|Any CPU = Debug|Any CPU
		Release|Any CPU = Release|Any CPU
	EndGlobalSection
	GlobalSection(ProjectConfigurationPlatforms) = postSolution
		{A334C652-56F7-4FAD-B717-AA2CA129A41F}.Debug|Any CPU.ActiveCfg = Debug|Any CPU
		{A334C652-56F7-4FAD-B717-AA2CA129A41F}.Debug|Any CPU.Build.0 = Debug|Any CPU
		{A334C652-56F7-4FAD-B717-AA2CA129A41F}.Release|Any CPU.ActiveCfg = Release|Any CPU
		{A334C652-56F7-4FAD-B717-AA2CA129A41F}.Release|Any CPU.Build.0 = Release|Any CPU
		{0B3185DF-28B9-489A-89F6-6BF4699BF899}.Debug|Any CPU.ActiveCfg = Debug|Any CPU
		{0B3185DF-28B9-489A-89F6-6BF4699BF899}.Debug|Any CPU.Build.0 = Debug|Any CPU
		{0B3185DF-28B9-489A-89F6-6BF4699BF899}.Release|Any CPU.ActiveCfg = Release|Any CPU
		{0B3185DF-28B9-489A-89F6-6BF4699BF899}.Release|Any CPU.Build.0 = Release|Any CPU
		{4D84FCDB-E558-4DEE-9432-4A7AF2C4EF47}.Debug|Any CPU.ActiveCfg = Debug|Any CPU
		{4D84FCDB-E558-4DEE-9432-4A7AF2C4EF47}.Debug|Any CPU.Build.0 = Debug|Any CPU
		{4D84FCDB-E558-4DEE-9432-4A7AF2C4EF47}.Release|Any CPU.ActiveCfg = Release|Any CPU
		{4D84FCDB-E558-4DEE-9432-4A7AF2C4EF47}.Release|Any CPU.Build.0 = Release|Any CPU
		{B19F8712-6076-4214-B845-DADAB7EEDE0D}.Debug|Any CPU.ActiveCfg = Debug|Any CPU
		{B19F8712-6076-4214-B845-DADAB7EEDE0D}.Debug|Any CPU.Build.0 = Debug|Any CPU
		{B19F8712-6076-4214-B845-DADAB7EEDE0D}.Release|Any CPU.ActiveCfg = Release|Any CPU
		{B19F8712-6076-4214-B845-DADAB7EEDE0D}.Release|Any CPU.Build.0 = Release|Any CPU
		{C0AD3C8F-E6E9-4B9A-BE15-D6BDCB5C4ACF}.Debug|Any CPU.ActiveCfg = Debug|Any CPU
		{C0AD3C8F-E6E9-4B9A-BE15-D6BDCB5C4ACF}.Debug|Any CPU.Build.0 = Debug|Any CPU
		{C0AD3C8F-E6E9-4B9A-BE15-D6BDCB5C4ACF}.Release|Any CPU.ActiveCfg = Release|Any CPU
		{C0AD3C8F-E6E9-4B9A-BE15-D6BDCB5C4ACF}.Release|Any CPU.Build.0 = Release|Any CPU
	EndGlobalSection
	GlobalSection(SolutionProperties) = preSolution
		HideSolutionNode = FALSE
	EndGlobalSection
	GlobalSection(ExtensibilityGlobals) = postSolution
		SolutionGuid = {178C84B3-8175-4DE2-AE4D-3681A78BB4B8}
	EndGlobalSection
EndGlobal
